
Microsoft Visual Studio Solution File, Format Version 12.00
# Visual Studio Version 17
VisualStudioVersion = 17.5.002.0
MinimumVisualStudioVersion = 10.0.40219.1
Project("{9A19103F-16F7-4668-BE54-9A1E7A4F7556}") = "Clinica", "Clinica.csproj", "{B8575BC2-ADA2-4B7A-96A5-97B6592C9D17}"
EndProject
Global
	GlobalSection(SolutionConfigurationPlatforms) = preSolution
		Debug|Any CPU = Debug|Any CPU
		Release|Any CPU = Release|Any CPU
	EndGlobalSection
	GlobalSection(ProjectConfigurationPlatforms) = postSolution
		{B8575BC2-ADA2-4B7A-96A5-97B6592C9D17}.Debug|Any CPU.ActiveCfg = Debug|Any CPU
		{B8575BC2-ADA2-4B7A-96A5-97B6592C9D17}.Debug|Any CPU.Build.0 = Debug|Any CPU
		{B8575BC2-ADA2-4B7A-96A5-97B6592C9D17}.Release|Any CPU.ActiveCfg = Release|Any CPU
		{B8575BC2-ADA2-4B7A-96A5-97B6592C9D17}.Release|Any CPU.Build.0 = Release|Any CPU
	EndGlobalSection
	GlobalSection(SolutionProperties) = preSolution
		HideSolutionNode = FALSE
	EndGlobalSection
	GlobalSection(ExtensibilityGlobals) = postSolution
		SolutionGuid = {D6490C7C-9F9D-4379-AC6A-648D3D3C9C60}
	EndGlobalSection
EndGlobal
